
Microsoft Visual Studio Solution File, Format Version 12.00
# Visual Studio Version 16
VisualStudioVersion = 16.0.31129.286
MinimumVisualStudioVersion = 10.0.40219.1
Project("{8BC9CEB8-8B4A-11D0-8D11-00A0C91BC942}") = "Sandbox", "Sandbox\Sandbox.vcxproj", "{8A7594F6-4F59-4319-8B93-E7289DD3F901}"
EndProject
Project("{8BC9CEB8-8B4A-11D0-8D11-00A0C91BC942}") = "Hazel", "Hazel\Hazel.vcxproj", "{07B64BAB-5D6B-495E-9187-02036874D703}"
EndProject
Global
	GlobalSection(SolutionConfigurationPlatforms) = preSolution
		Debug|x64 = Debug|x64
		Release|x64 = Release|x64
	EndGlobalSection
	GlobalSection(ProjectConfigurationPlatforms) = postSolution
		{07B64BAB-5D6B-495E-9187-02036874D703}.Debug|x64.ActiveCfg = Debug|x64
		{07B64BAB-5D6B-495E-9187-02036874D703}.Debug|x64.Build.0 = Debug|x64
		{07B64BAB-5D6B-495E-9187-02036874D703}.Release|x64.ActiveCfg = Release|x64
		{07B64BAB-5D6B-495E-9187-02036874D703}.Release|x64.Build.0 = Release|x64
		{8A7594F6-4F59-4319-8B93-E7289DD3F901}.Debug|x64.ActiveCfg = Debug|x64
		{8A7594F6-4F59-4319-8B93-E7289DD3F901}.Debug|x64.Build.0 = Debug|x64
		{8A7594F6-4F59-4319-8B93-E7289DD3F901}.Release|x64.ActiveCfg = Release|x64
		{8A7594F6-4F59-4319-8B93-E7289DD3F901}.Release|x64.Build.0 = Release|x64
	EndGlobalSection
	GlobalSection(SolutionProperties) = preSolution
		HideSolutionNode = FALSE
	EndGlobalSection
	GlobalSection(ExtensibilityGlobals) = postSolution
		SolutionGuid = {7D58162F-FD2C-4148-9A3C-BAE820860C31}
	EndGlobalSection
EndGlobal
